
Microsoft Visual Studio Solution File, Format Version 12.00
# Visual Studio Version 17
VisualStudioVersion = 17.14.36717.8 d17.14
MinimumVisualStudioVersion = 10.0.40219.1
Project("{FAE04EC0-301F-11D3-BF4B-00C04F79EFBC}") = "Crawler-project", "Crawler-project.csproj", "{0E0A47F9-CC60-49A3-98D5-47431F38F19F}"
EndProject
Global
	GlobalSection(SolutionConfigurationPlatforms) = preSolution
		Debug|Any CPU = Debug|Any CPU
		Release|Any CPU = Release|Any CPU
	EndGlobalSection
	GlobalSection(ProjectConfigurationPlatforms) = postSolution
		{0E0A47F9-CC60-49A3-98D5-47431F38F19F}.Debug|Any CPU.ActiveCfg = Debug|Any CPU
		{0E0A47F9-CC60-49A3-98D5-47431F38F19F}.Debug|Any CPU.Build.0 = Debug|Any CPU
		{0E0A47F9-CC60-49A3-98D5-47431F38F19F}.Release|Any CPU.ActiveCfg = Release|Any CPU
		{0E0A47F9-CC60-49A3-98D5-47431F38F19F}.Release|Any CPU.Build.0 = Release|Any CPU
	EndGlobalSection
	GlobalSection(SolutionProperties) = preSolution
		HideSolutionNode = FALSE
	EndGlobalSection
	GlobalSection(ExtensibilityGlobals) = postSolution
		SolutionGuid = {8CD34D48-F781-43EB-89CF-E457C4523F6D}
	EndGlobalSection
EndGlobal
